
Microsoft Visual Studio Solution File, Format Version 12.00
# Visual Studio 14
VisualStudioVersion = 14.0.25420.1
MinimumVisualStudioVersion = 10.0.40219.1
Project("{D954291E-2A0B-460D-934E-DC6B0785DB48}") = "HTH Media Player", "HTH Media Player\HTH Media Player.shproj", "{826C3453-B2DB-4B04-8B6B-A57E4783386E}"
EndProject
Global
	GlobalSection(SharedMSBuildProjectFiles) = preSolution
		HTH Media Player\HTH Media Player.projitems*{826c3453-b2db-4b04-8b6b-a57e4783386e}*SharedItemsImports = 13
	EndGlobalSection
	GlobalSection(SolutionProperties) = preSolution
		HideSolutionNode = FALSE
	EndGlobalSection
EndGlobal
